
Microsoft Visual Studio Solution File, Format Version 12.00
# Visual Studio Version 17
VisualStudioVersion = 17.14.36212.18 d17.14
MinimumVisualStudioVersion = 10.0.40219.1
Project("{FAE04EC0-301F-11D3-BF4B-00C04F79EFBC}") = "Grader", "Grader\Grader.csproj", "{07A797EB-FF50-445B-B8BD-97D6175040CB}"
EndProject
Global
	GlobalSection(SolutionConfigurationPlatforms) = preSolution
		Debug|Any CPU = Debug|Any CPU
		Release|Any CPU = Release|Any CPU
	EndGlobalSection
	GlobalSection(ProjectConfigurationPlatforms) = postSolution
		{07A797EB-FF50-445B-B8BD-97D6175040CB}.Debug|Any CPU.ActiveCfg = Debug|Any CPU
		{07A797EB-FF50-445B-B8BD-97D6175040CB}.Debug|Any CPU.Build.0 = Debug|Any CPU
		{07A797EB-FF50-445B-B8BD-97D6175040CB}.Release|Any CPU.ActiveCfg = Release|Any CPU
		{07A797EB-FF50-445B-B8BD-97D6175040CB}.Release|Any CPU.Build.0 = Release|Any CPU
	EndGlobalSection
	GlobalSection(SolutionProperties) = preSolution
		HideSolutionNode = FALSE
	EndGlobalSection
	GlobalSection(ExtensibilityGlobals) = postSolution
		SolutionGuid = {AD54EFBF-2567-4B10-9520-E0BF07BD0843}
	EndGlobalSection
EndGlobal
